// !$*UTF8*$!
{
	archiveVersion = 1;
	classes = {
	};
	objectVersion = 48;
	objects = {

/* Begin PBXBuildFile section */
		653E1D0C201882BB001D0BC0 /* AppDelegate.swift in Sources */ = {isa = PBXBuildFile; fileRef = 653E1D0B201882BB001D0BC0 /* AppDelegate.swift */; };
		653E1D0E201882BB001D0BC0 /* ViewController.swift in Sources */ = {isa = PBXBuildFile; fileRef = 653E1D0D201882BB001D0BC0 /* ViewController.swift */; };
		653E1D11201882BB001D0BC0 /* Main.storyboard in Resources */ = {isa = PBXBuildFile; fileRef = 653E1D0F201882BB001D0BC0 /* Main.storyboard */; };
		653E1D13201882BB001D0BC0 /* Assets.xcassets in Resources */ = {isa = PBXBuildFile; fileRef = 653E1D12201882BB001D0BC0 /* Assets.xcassets */; };
		653E1D16201882BB001D0BC0 /* LaunchScreen.storyboard in Resources */ = {isa = PBXBuildFile; fileRef = 653E1D14201882BB001D0BC0 /* LaunchScreen.storyboard */; };
		654D68A220252828008D46C6 /* HistoryViewController.swift in Sources */ = {isa = PBXBuildFile; fileRef = 654D68A120252828008D46C6 /* HistoryViewController.swift */; };
/* End PBXBuildFile section */

/* Begin PBXFileReference section */
		653E1D08201882BB001D0BC0 /* simplecalcios.app */ = {isa = PBXFileReference; explicitFileType = wrapper.application; includeInIndex = 0; path = simplecalcios.app; sourceTree = BUILT_PRODUCTS_DIR; };
		653E1D0B201882BB001D0BC0 /* AppDelegate.swift */ = {isa = PBXFileReference; lastKnownFileType = sourcecode.swift; path = AppDelegate.swift; sourceTree = "<group>"; };
		653E1D0D201882BB001D0BC0 /* ViewController.swift */ = {isa = PBXFileReference; lastKnownFileType = sourcecode.swift; path = ViewController.swift; sourceTree = "<group>"; };
		653E1D10201882BB001D0BC0 /* Base */ = {isa = PBXFileReference; lastKnownFileType = file.storyboard; name = Base; path = Base.lproj/Main.storyboard; sourceTree = "<group>"; };
		653E1D12201882BB001D0BC0 /* Assets.xcassets */ = {isa = PBXFileReference; lastKnownFileType = folder.assetcatalog; path = Assets.xcassets; sourceTree = "<group>"; };
		653E1D15201882BB001D0BC0 /* Base */ = {isa = PBXFileReference; lastKnownFileType = file.storyboard; name = Base; path = Base.lproj/LaunchScreen.storyboard; sourceTree = "<group>"; };
		653E1D17201882BB001D0BC0 /* Info.plist */ = {isa = PBXFileReference; lastKnownFileType = text.plist.xml; path = Info.plist; sourceTree = "<group>"; };
		654D68A120252828008D46C6 /* HistoryViewController.swift */ = {isa = PBXFileReference; lastKnownFileType = sourcecode.swift; path = HistoryViewController.swift; sourceTree = "<group>"; };
/* End PBXFileReference section */

/* Begin PBXFrameworksBuildPhase section */
		653E1D05201882BB001D0BC0 /* Frameworks */ = {
			isa = PBXFrameworksBuildPhase;
			buildActionMask = 2147483647;
			files = (
			);
			runOnlyForDeploymentPostprocessing = 0;
		};
/* End PBXFrameworksBuildPhase section */

/* Begin PBXGroup section */
		653E1CFF201882BB001D0BC0 = {
			isa = PBXGroup;
			children = (
				653E1D0A201882BB001D0BC0 /* simplecalcios */,
				653E1D09201882BB001D0BC0 /* Products */,
			);
			sourceTree = "<group>";
		};
		653E1D09201882BB001D0BC0 /* Products */ = {
			isa = PBXGroup;
			children = (
				653E1D08201882BB001D0BC0 /* simplecalcios.app */,
			);
			name = Products;
			sourceTree = "<group>";
		};
		653E1D0A201882BB001D0BC0 /* simplecalcios */ = {
			isa = PBXGroup;
			children = (
				653E1D0B201882BB001D0BC0 /* AppDelegate.swift */,
				653E1D0D201882BB001D0BC0 /* ViewController.swift */,
				654D68A120252828008D46C6 /* HistoryViewController.swift */,
				653E1D0F201882BB001D0BC0 /* Main.storyboard */,
				653E1D12201882BB001D0BC0 /* Assets.xcassets */,
				653E1D14201882BB001D0BC0 /* LaunchScreen.storyboard */,
				653E1D17201882BB001D0BC0 /* Info.plist */,
			);
			path = simplecalcios;
			sourceTree = "<group>";
		};
/* End PBXGroup section */

/* Begin PBXNativeTarget section */
		653E1D07201882BB001D0BC0 /* simplecalcios */ = {
			isa = PBXNativeTarget;
			buildConfigurationList = 653E1D1A201882BB001D0BC0 /* Build configuration list for PBXNativeTarget "simplecalcios" */;
			buildPhases = (
				653E1D04201882BB001D0BC0 /* Sources */,
				653E1D05201882BB001D0BC0 /* Frameworks */,
				653E1D06201882BB001D0BC0 /* Resources */,
			);
			buildRules = (
			);
			dependencies = (
			);
			name = simplecalcios;
			productName = simplecalcios;
			productReference = 653E1D08201882BB001D0BC0 /* simplecalcios.app */;
			productType = "com.apple.product-type.application";
		};
/* End PBXNativeTarget section */

/* Begin PBXProject section */
		653E1D00201882BB001D0BC0 /* Project object */ = {
			isa = PBXProject;
			attributes = {
				LastSwiftUpdateCheck = 0920;
				LastUpgradeCheck = 0920;
				ORGANIZATIONNAME = "Kevin Tran";
				TargetAttributes = {
					653E1D07201882BB001D0BC0 = {
						CreatedOnToolsVersion = 9.2;
						ProvisioningStyle = Automatic;
					};
				};
			};
			buildConfigurationList = 653E1D03201882BB001D0BC0 /* Build configuration list for PBXProject "simplecalcios" */;
			compatibilityVersion = "Xcode 8.0";
			developmentRegion = en;
			hasScannedForEncodings = 0;
			knownRegions = (
				en,
				Base,
			);
			mainGroup = 653E1CFF201882BB001D0BC0;
			productRefGroup = 653E1D09201882BB001D0BC0 /* Products */;
			projectDirPath = "";
			projectRoot = "";
			targets = (
				653E1D07201882BB001D0BC0 /* simplecalcios */,
			);
		};
/* End PBXProject section */

/* Begin PBXResourcesBuildPhase section */
		653E1D06201882BB001D0BC0 /* Resources */ = {
			isa = PBXResourcesBuildPhase;
			buildActionMask = 2147483647;
			files = (
				653E1D16201882BB001D0BC0 /* LaunchScreen.storyboard in Resources */,
				653E1D13201882BB001D0BC0 /* Assets.xcassets in Resources */,
				653E1D11201882BB001D0BC0 /* Main.storyboard in Resources */,
			);
			runOnlyForDeploymentPostprocessing = 0;
		};
/* End PBXResourcesBuildPhase section */

/* Begin PBXSourcesBuildPhase section */
		653E1D04201882BB001D0BC0 /* Sources */ = {
			isa = PBXSourcesBuildPhase;
			buildActionMask = 2147483647;
			files = (
				654D68A220252828008D46C6 /* HistoryViewController.swift in Sources */,
				653E1D0E201882BB001D0BC0 /* ViewController.swift in Sources */,
				653E1D0C201882BB001D0BC0 /* AppDelegate.swift in Sources */,
			);
			runOnlyForDeploymentPostprocessing = 0;
		};
/* End PBXSourcesBuildPhase section */

/* Begin PBXVariantGroup section */
		653E1D0F201882BB001D0BC0 /* Main.storyboard */ = {
			isa = PBXVariantGroup;
			children = (
				653E1D10201882BB001D0BC0 /* Base */,
			);
			name = Main.storyboard;
			sourceTree = "<group>";
		};
		653E1D14201882BB001D0BC0 /* LaunchScreen.storyboard */ = {
			isa = PBXVariantGroup;
			children = (
				653E1D15201882BB001D0BC0 /* Base */,
			);
			name = LaunchScreen.storyboard;
			sourceTree = "<group>";
		};
/* End PBXVariantGroup section */

/* Begin XCBuildConfiguration section */
		653E1D18201882BB001D0BC0 /* Debug */ = {
			isa = XCBuildConfiguration;
			buildSettings = {
				ALWAYS_SEARCH_USER_PATHS = NO;
				CLANG_ANALYZER_NONNULL = YES;
				CLANG_ANALYZER_NUMBER_OBJECT_CONVERSION = YES_AGGRESSIVE;
				CLANG_CXX_LANGUAGE_STANDARD = "gnu++14";
				CLANG_CXX_LIBRARY = "libc++";
				CLANG_ENABLE_MODULES = YES;
				CLANG_ENABLE_OBJC_ARC = YES;
				CLANG_WARN_BLOCK_CAPTURE_AUTORELEASING = YES;
				CLANG_WARN_BOOL_CONVERSION = YES;
				CLANG_WARN_COMMA = YES;
				CLANG_WARN_CONSTANT_CONVERSION = YES;
				CLANG_WARN_DIRECT_OBJC_ISA_USAGE = YES_ERROR;
				CLANG_WARN_DOCUMENTATION_COMMENTS = YES;
				CLANG_WARN_EMPTY_BODY = YES;
				CLANG_WARN_ENUM_CONVERSION = YES;
				CLANG_WARN_INFINITE_RECURSION = YES;
				CLANG_WARN_INT_CONVERSION = YES;
				CLANG_WARN_NON_LITERAL_NULL_CONVERSION = YES;
				CLANG_WARN_OBJC_LITERAL_CONVERSION = YES;
				CLANG_WARN_OBJC_ROOT_CLASS = YES_ERROR;
				CLANG_WARN_RANGE_LOOP_ANALYSIS = YES;
				CLANG_WARN_STRICT_PROTOTYPES = YES;
				CLANG_WARN_SUSPICIOUS_MOVE = YES;
				CLANG_WARN_UNGUARDED_AVAILABILITY = YES_AGGRESSIVE;
				CLANG_WARN_UNREACHABLE_CODE = YES;
				CLANG_WARN__DUPLICATE_METHOD_MATCH = YES;
				CODE_SIGN_IDENTITY = "iPhone Developer";
				COPY_PHASE_STRIP = NO;
				DEBUG_INFORMATION_FORMAT = dwarf;
				ENABLE_STRICT_OBJC_MSGSEND = YES;
				ENABLE_TESTABILITY = YES;
				GCC_C_LANGUAGE_STANDARD = gnu11;
				GCC_DYNAMIC_NO_PIC = NO;
				GCC_NO_COMMON_BLOCKS = YES;
				GCC_OPTIMIZATION_LEVEL = 0;
				GCC_PREPROCESSOR_DEFINITIONS = (
					"DEBUG=1",
					"$(inherited)",
				);
				GCC_WARN_64_TO_32_BIT_CONVERSION = YES;
				GCC_WARN_ABOUT_RETURN_TYPE = YES_ERROR;
				GCC_WARN_UNDECLARED_SELECTOR = YES;
				GCC_WARN_UNINITIALIZED_AUTOS = YES_AGGRESSIVE;
				GCC_WARN_UNUSED_FUNCTION = YES;
				GCC_WARN_UNUSED_VARIABLE = YES;
				IPHONEOS_DEPLOYMENT_TARGET = 11.2;
				MTL_ENABLE_DEBUG_INFO = YES;
				ONLY_ACTIVE_ARCH = YES;
				SDKROOT = iphoneos;
				SWIFT_ACTIVE_COMPILATION_CONDITIONS = DEBUG;
				SWIFT_OPTIMIZATION_LEVEL = "-Onone";
			};
			name = Debug;
		};
		653E1D19201882BB001D0BC0 /* Release */ = {
			isa = XCBuildConfiguration;
			buildSettings = {
				ALWAYS_SEARCH_USER_PATHS = NO;
				CLANG_ANALYZER_NONNULL = YES;
				CLANG_ANALYZER_NUMBER_OBJECT_CONVERSION = YES_AGGRESSIVE;
				CLANG_CXX_LANGUAGE_STANDARD = "gnu++14";
				CLANG_CXX_LIBRARY = "libc++";
				CLANG_ENABLE_MODULES = YES;
				CLANG_ENABLE_OBJC_ARC = YES;
				CLANG_WARN_BLOCK_CAPTURE_AUTORELEASING = YES;
				CLANG_WARN_BOOL_CONVERSION = YES;
				CLANG_WARN_COMMA = YES;
				CLANG_WARN_CONSTANT_CONVERSION = YES;
				CLANG_WARN_DIRECT_OBJC_ISA_USAGE = YES_ERROR;
				CLANG_WARN_DOCUMENTATION_COMMENTS = YES;
				CLANG_WARN_EMPTY_BODY = YES;
				CLANG_WARN_ENUM_CONVERSION = YES;
				CLANG_WARN_INFINITE_RECURSION = YES;
				CLANG_WARN_INT_CONVERSION = YES;
				CLANG_WARN_NON_LITERAL_NULL_CONVERSION = YES;
				CLANG_WARN_OBJC_LITERAL_CONVERSION = YES;
				CLANG_WARN_OBJC_ROOT_CLASS = YES_ERROR;
				CLANG_WARN_RANGE_LOOP_ANALYSIS = YES;
				CLANG_WARN_STRICT_PROTOTYPES = YES;
				CLANG_WARN_SUSPICIOUS_MOVE = YES;
				CLANG_WARN_UNGUARDED_AVAILABILITY = YES_AGGRESSIVE;
				CLANG_WARN_UNREACHABLE_CODE = YES;
				CLANG_WARN__DUPLICATE_METHOD_MATCH = YES;
				CODE_SIGN_IDENTITY = "iPhone Developer";
				COPY_PHASE_STRIP = NO;
				DEBUG_INFORMATION_FORMAT = "dwarf-with-dsym";
				ENABLE_NS_ASSERTIONS = NO;
				ENABLE_STRICT_OBJC_MSGSEND = YES;
				GCC_C_LANGUAGE_STANDARD = gnu11;
				GCC_NO_COMMON_BLOCKS = YES;
				GCC_WARN_64_TO_32_BIT_CONVERSION = YES;
				GCC_WARN_ABOUT_RETURN_TYPE = YES_ERROR;
				GCC_WARN_UNDECLARED_SELECTOR = YES;
				GCC_WARN_UNINITIALIZED_AUTOS = YES_AGGRESSIVE;
				GCC_WARN_UNUSED_FUNCTION = YES;
				GCC_WARN_UNUSED_VARIABLE = YES;
				IPHONEOS_DEPLOYMENT_TARGET = 11.2;
				MTL_ENABLE_DEBUG_INFO = NO;
				SDKROOT = iphoneos;
				SWIFT_OPTIMIZATION_LEVEL = "-Owholemodule";
				VALIDATE_PRODUCT = YES;
			};
			name = Release;
		};
		653E1D1B201882BB001D0BC0 /* Debug */ = {
			isa = XCBuildConfiguration;
			buildSettings = {
				ASSETCATALOG_COMPILER_APPICON_NAME = AppIcon;
				CODE_SIGN_STYLE = Automatic;
				DEVELOPMENT_TEAM = Y6PR999CDT;
				INFOPLIST_FILE = simplecalcios/Info.plist;
				IPHONEOS_DEPLOYMENT_TARGET = 9.3;
				LD_RUNPATH_SEARCH_PATHS = "$(inherited) @executable_path/Frameworks";
				PRODUCT_BUNDLE_IDENTIFIER = com.kevintran.simplecalcios;
				PRODUCT_NAME = "$(TARGET_NAME)";
				SWIFT_VERSION = 4.0;
				TARGETED_DEVICE_FAMILY = "1,2";
			};
			name = Debug;
		};
		653E1D1C201882BB001D0BC0 /* Release */ = {
			isa = XCBuildConfiguration;
			buildSettings = {
				ASSETCATALOG_COMPILER_APPICON_NAME = AppIcon;
				CODE_SIGN_STYLE = Automatic;
				DEVELOPMENT_TEAM = Y6PR999CDT;
				INFOPLIST_FILE = simplecalcios/Info.plist;
				IPHONEOS_DEPLOYMENT_TARGET = 9.3;
				LD_RUNPATH_SEARCH_PATHS = "$(inherited) @executable_path/Frameworks";
				PRODUCT_BUNDLE_IDENTIFIER = com.kevintran.simplecalcios;
				PRODUCT_NAME = "$(TARGET_NAME)";
				SWIFT_VERSION = 4.0;
				TARGETED_DEVICE_FAMILY = "1,2";
			};
			name = Release;
		};
/* End XCBuildConfiguration section */

/* Begin XCConfigurationList section */
		653E1D03201882BB001D0BC0 /* Build configuration list for PBXProject "simplecalcios" */ = {
			isa = XCConfigurationList;
			buildConfigurations = (
				653E1D18201882BB001D0BC0 /* Debug */,
				653E1D19201882BB001D0BC0 /* Release */,
			);
			defaultConfigurationIsVisible = 0;
			defaultConfigurationName = Release;
		};
		653E1D1A201882BB001D0BC0 /* Build configuration list for PBXNativeTarget "simplecalcios" */ = {
			isa = XCConfigurationList;
			buildConfigurations = (
				653E1D1B201882BB001D0BC0 /* Debug */,
				653E1D1C201882BB001D0BC0 /* Release */,
			);
			defaultConfigurationIsVisible = 0;
			defaultConfigurationName = Release;
		};
/* End XCConfigurationList section */
	};
	rootObject = 653E1D00201882BB001D0BC0 /* Project object */;
}
